
Microsoft Visual Studio Solution File, Format Version 12.00
# Visual Studio Version 16
VisualStudioVersion = 16.0.31624.102
MinimumVisualStudioVersion = 10.0.40219.1
Project("{FAE04EC0-301F-11D3-BF4B-00C04F79EFBC}") = "Lab2A", "Lab2A\Lab2A.csproj", "{72B87D95-9306-4247-A0AF-CD201940F9F2}"
EndProject
Global
	GlobalSection(SolutionConfigurationPlatforms) = preSolution
		Debug|Any CPU = Debug|Any CPU
		Release|Any CPU = Release|Any CPU
	EndGlobalSection
	GlobalSection(ProjectConfigurationPlatforms) = postSolution
		{72B87D95-9306-4247-A0AF-CD201940F9F2}.Debug|Any CPU.ActiveCfg = Debug|Any CPU
		{72B87D95-9306-4247-A0AF-CD201940F9F2}.Debug|Any CPU.Build.0 = Debug|Any CPU
		{72B87D95-9306-4247-A0AF-CD201940F9F2}.Release|Any CPU.ActiveCfg = Release|Any CPU
		{72B87D95-9306-4247-A0AF-CD201940F9F2}.Release|Any CPU.Build.0 = Release|Any CPU
	EndGlobalSection
	GlobalSection(SolutionProperties) = preSolution
		HideSolutionNode = FALSE
	EndGlobalSection
	GlobalSection(ExtensibilityGlobals) = postSolution
		SolutionGuid = {3573D102-CD3B-4CD1-8B77-ED040BB7972F}
	EndGlobalSection
EndGlobal
